
Microsoft Visual Studio Solution File, Format Version 12.00
# Visual Studio Version 17
VisualStudioVersion = 17.6.33829.357
MinimumVisualStudioVersion = 10.0.40219.1
Project("{FAE04EC0-301F-11D3-BF4B-00C04F79EFBC}") = "FunctionsGame", "FunctionsGame.csproj", "{AC5BB5BF-FFA1-40F0-9AC0-EB6765C25DA2}"
EndProject
Global
	GlobalSection(SolutionConfigurationPlatforms) = preSolution
		Debug|Any CPU = Debug|Any CPU
		Release|Any CPU = Release|Any CPU
	EndGlobalSection
	GlobalSection(ProjectConfigurationPlatforms) = postSolution
		{AC5BB5BF-FFA1-40F0-9AC0-EB6765C25DA2}.Debug|Any CPU.ActiveCfg = Debug|Any CPU
		{AC5BB5BF-FFA1-40F0-9AC0-EB6765C25DA2}.Debug|Any CPU.Build.0 = Debug|Any CPU
		{AC5BB5BF-FFA1-40F0-9AC0-EB6765C25DA2}.Release|Any CPU.ActiveCfg = Release|Any CPU
		{AC5BB5BF-FFA1-40F0-9AC0-EB6765C25DA2}.Release|Any CPU.Build.0 = Release|Any CPU
	EndGlobalSection
	GlobalSection(SolutionProperties) = preSolution
		HideSolutionNode = FALSE
	EndGlobalSection
	GlobalSection(ExtensibilityGlobals) = postSolution
		SolutionGuid = {EAC89526-5632-47D1-92F8-737432E35DE4}
	EndGlobalSection
EndGlobal
